
Microsoft Visual Studio Solution File, Format Version 12.00
# Visual Studio Version 16
VisualStudioVersion = 16.0.29519.181
MinimumVisualStudioVersion = 10.0.40219.1
Project("{FAE04EC0-301F-11D3-BF4B-00C04F79EFBC}") = "EShop41.web", "EShop41.web\EShop41.web.csproj", "{726B1DD0-BCE1-4DB7-B48D-C99AC33E5E14}"
EndProject
Project("{FAE04EC0-301F-11D3-BF4B-00C04F79EFBC}") = "EShop41.ApplicationCore", "EShop41.ApplicationCore\EShop41.ApplicationCore.csproj", "{89A5FAA2-B202-4E7A-B6F5-5A738CE8FAF2}"
EndProject
Project("{FAE04EC0-301F-11D3-BF4B-00C04F79EFBC}") = "EShop41.Infrastructure", "EShop41.Infrastructure\EShop41.Infrastructure.csproj", "{D47BC5FD-95EE-45EE-AEEB-D480FADF5DA8}"
EndProject
Global
	GlobalSection(SolutionConfigurationPlatforms) = preSolution
		Debug|Any CPU = Debug|Any CPU
		Release|Any CPU = Release|Any CPU
	EndGlobalSection
	GlobalSection(ProjectConfigurationPlatforms) = postSolution
		{726B1DD0-BCE1-4DB7-B48D-C99AC33E5E14}.Debug|Any CPU.ActiveCfg = Debug|Any CPU
		{726B1DD0-BCE1-4DB7-B48D-C99AC33E5E14}.Debug|Any CPU.Build.0 = Debug|Any CPU
		{726B1DD0-BCE1-4DB7-B48D-C99AC33E5E14}.Release|Any CPU.ActiveCfg = Release|Any CPU
		{726B1DD0-BCE1-4DB7-B48D-C99AC33E5E14}.Release|Any CPU.Build.0 = Release|Any CPU
		{89A5FAA2-B202-4E7A-B6F5-5A738CE8FAF2}.Debug|Any CPU.ActiveCfg = Debug|Any CPU
		{89A5FAA2-B202-4E7A-B6F5-5A738CE8FAF2}.Debug|Any CPU.Build.0 = Debug|Any CPU
		{89A5FAA2-B202-4E7A-B6F5-5A738CE8FAF2}.Release|Any CPU.ActiveCfg = Release|Any CPU
		{89A5FAA2-B202-4E7A-B6F5-5A738CE8FAF2}.Release|Any CPU.Build.0 = Release|Any CPU
		{D47BC5FD-95EE-45EE-AEEB-D480FADF5DA8}.Debug|Any CPU.ActiveCfg = Debug|Any CPU
		{D47BC5FD-95EE-45EE-AEEB-D480FADF5DA8}.Debug|Any CPU.Build.0 = Debug|Any CPU
		{D47BC5FD-95EE-45EE-AEEB-D480FADF5DA8}.Release|Any CPU.ActiveCfg = Release|Any CPU
		{D47BC5FD-95EE-45EE-AEEB-D480FADF5DA8}.Release|Any CPU.Build.0 = Release|Any CPU
	EndGlobalSection
	GlobalSection(SolutionProperties) = preSolution
		HideSolutionNode = FALSE
	EndGlobalSection
	GlobalSection(ExtensibilityGlobals) = postSolution
		SolutionGuid = {15566049-FC48-474A-A515-33B4B57D5EE0}
	EndGlobalSection
EndGlobal
